
Microsoft Visual Studio Solution File, Format Version 12.00
# Visual Studio Version 17
VisualStudioVersion = 17.5.002.0
MinimumVisualStudioVersion = 10.0.40219.1
Project("{9A19103F-16F7-4668-BE54-9A1E7A4F7556}") = "Project_B", "Projce_B_Code\Project_B.csproj", "{57CEBBBF-6438-4849-8755-FC9EE994E0D7}"
EndProject
Project("{9A19103F-16F7-4668-BE54-9A1E7A4F7556}") = "UnitTests", "UnitTests\UnitTests.csproj", "{93818433-898C-47C9-BD41-276FD300DF56}"
EndProject
Global
	GlobalSection(SolutionConfigurationPlatforms) = preSolution
		Debug|Any CPU = Debug|Any CPU
		Release|Any CPU = Release|Any CPU
	EndGlobalSection
	GlobalSection(ProjectConfigurationPlatforms) = postSolution
		{57CEBBBF-6438-4849-8755-FC9EE994E0D7}.Debug|Any CPU.ActiveCfg = Debug|Any CPU
		{57CEBBBF-6438-4849-8755-FC9EE994E0D7}.Debug|Any CPU.Build.0 = Debug|Any CPU
		{57CEBBBF-6438-4849-8755-FC9EE994E0D7}.Release|Any CPU.ActiveCfg = Release|Any CPU
		{57CEBBBF-6438-4849-8755-FC9EE994E0D7}.Release|Any CPU.Build.0 = Release|Any CPU
		{93818433-898C-47C9-BD41-276FD300DF56}.Debug|Any CPU.ActiveCfg = Debug|Any CPU
		{93818433-898C-47C9-BD41-276FD300DF56}.Debug|Any CPU.Build.0 = Debug|Any CPU
		{93818433-898C-47C9-BD41-276FD300DF56}.Release|Any CPU.ActiveCfg = Release|Any CPU
		{93818433-898C-47C9-BD41-276FD300DF56}.Release|Any CPU.Build.0 = Release|Any CPU
	EndGlobalSection
	GlobalSection(SolutionProperties) = preSolution
		HideSolutionNode = FALSE
	EndGlobalSection
	GlobalSection(ExtensibilityGlobals) = postSolution
		SolutionGuid = {C9723F61-D29C-46FB-AF33-E91AC31D27D7}
	EndGlobalSection
EndGlobal
