
Microsoft Visual Studio Solution File, Format Version 12.00
# Visual Studio Version 17
VisualStudioVersion = 17.5.002.0
MinimumVisualStudioVersion = 10.0.40219.1
Project("{9A19103F-16F7-4668-BE54-9A1E7A4F7556}") = "Project_B", "Project_B.csproj", "{B213FD88-8565-4542-97B8-B350E9A60A05}"
EndProject
Project("{FAE04EC0-301F-11D3-BF4B-00C04F79EFBC}") = "UnitTests", "..\UnitTests\UnitTests.csproj", "{7C9DA249-45E4-46ED-87E2-FFE7FE95C633}"
EndProject
Project("{FAE04EC0-301F-11D3-BF4B-00C04F79EFBC}") = "Test", "..\Test\Test.csproj", "{20D97ED5-63E3-419A-B434-258FE3B4B929}"
EndProject
Global
	GlobalSection(SolutionConfigurationPlatforms) = preSolution
		Debug|Any CPU = Debug|Any CPU
		Release|Any CPU = Release|Any CPU
	EndGlobalSection
	GlobalSection(ProjectConfigurationPlatforms) = postSolution
		{B213FD88-8565-4542-97B8-B350E9A60A05}.Debug|Any CPU.ActiveCfg = Debug|Any CPU
		{B213FD88-8565-4542-97B8-B350E9A60A05}.Debug|Any CPU.Build.0 = Debug|Any CPU
		{B213FD88-8565-4542-97B8-B350E9A60A05}.Release|Any CPU.ActiveCfg = Release|Any CPU
		{B213FD88-8565-4542-97B8-B350E9A60A05}.Release|Any CPU.Build.0 = Release|Any CPU
		{7C9DA249-45E4-46ED-87E2-FFE7FE95C633}.Debug|Any CPU.ActiveCfg = Debug|Any CPU
		{7C9DA249-45E4-46ED-87E2-FFE7FE95C633}.Debug|Any CPU.Build.0 = Debug|Any CPU
		{7C9DA249-45E4-46ED-87E2-FFE7FE95C633}.Release|Any CPU.ActiveCfg = Release|Any CPU
		{7C9DA249-45E4-46ED-87E2-FFE7FE95C633}.Release|Any CPU.Build.0 = Release|Any CPU
		{20D97ED5-63E3-419A-B434-258FE3B4B929}.Debug|Any CPU.ActiveCfg = Debug|Any CPU
		{20D97ED5-63E3-419A-B434-258FE3B4B929}.Debug|Any CPU.Build.0 = Debug|Any CPU
		{20D97ED5-63E3-419A-B434-258FE3B4B929}.Release|Any CPU.ActiveCfg = Release|Any CPU
		{20D97ED5-63E3-419A-B434-258FE3B4B929}.Release|Any CPU.Build.0 = Release|Any CPU
	EndGlobalSection
	GlobalSection(SolutionProperties) = preSolution
		HideSolutionNode = FALSE
	EndGlobalSection
	GlobalSection(ExtensibilityGlobals) = postSolution
		SolutionGuid = {FB585530-EB7C-436E-8EEC-2421A63F11E2}
	EndGlobalSection
EndGlobal
